// !$*UTF8*$!
{
	archiveVersion = 1;
	classes = {
	};
	objectVersion = 50;
	objects = {

/* Begin PBXBuildFile section */
		7A07E98225AC818000CE5D58 /* User.swift in Sources */ = {isa = PBXBuildFile; fileRef = 7A07E98125AC818000CE5D58 /* User.swift */; };
		7A07E98E25AC85C700CE5D58 /* TodoList.swift in Sources */ = {isa = PBXBuildFile; fileRef = 7A07E98D25AC85C700CE5D58 /* TodoList.swift */; };
		7A07E99C25AC887400CE5D58 /* Init.swift in Sources */ = {isa = PBXBuildFile; fileRef = 7A07E99B25AC887400CE5D58 /* Init.swift */; };
		7A07E9A225AD4B8500CE5D58 /* Setting.swift in Sources */ = {isa = PBXBuildFile; fileRef = 7A07E9A125AD4B8500CE5D58 /* Setting.swift */; };
		7A07E9A825B0223C00CE5D58 /* TodoRow.swift in Sources */ = {isa = PBXBuildFile; fileRef = 7A07E9A725B0223B00CE5D58 /* TodoRow.swift */; };
		7A07E9C225B3280F00CE5D58 /* SettingRow.swift in Sources */ = {isa = PBXBuildFile; fileRef = 7A07E9C125B3280F00CE5D58 /* SettingRow.swift */; };
		7A358EDD25A4A0FE004A40B8 /* Tests_iOS.swift in Sources */ = {isa = PBXBuildFile; fileRef = 7A358EDC25A4A0FE004A40B8 /* Tests_iOS.swift */; };
		7A358EE825A4A0FE004A40B8 /* Tests_macOS.swift in Sources */ = {isa = PBXBuildFile; fileRef = 7A358EE725A4A0FE004A40B8 /* Tests_macOS.swift */; };
		7A358EEA25A4A0FE004A40B8 /* BeltApp.swift in Sources */ = {isa = PBXBuildFile; fileRef = 7A358EC125A4A0FD004A40B8 /* BeltApp.swift */; };
		7A358EEB25A4A0FE004A40B8 /* BeltApp.swift in Sources */ = {isa = PBXBuildFile; fileRef = 7A358EC125A4A0FD004A40B8 /* BeltApp.swift */; };
		7A358EEC25A4A0FE004A40B8 /* ContentView.swift in Sources */ = {isa = PBXBuildFile; fileRef = 7A358EC225A4A0FD004A40B8 /* ContentView.swift */; };
		7A358EED25A4A0FE004A40B8 /* ContentView.swift in Sources */ = {isa = PBXBuildFile; fileRef = 7A358EC225A4A0FD004A40B8 /* ContentView.swift */; };
		7A358EEE25A4A0FE004A40B8 /* Assets.xcassets in Resources */ = {isa = PBXBuildFile; fileRef = 7A358EC325A4A0FE004A40B8 /* Assets.xcassets */; };
		7A358EEF25A4A0FE004A40B8 /* Assets.xcassets in Resources */ = {isa = PBXBuildFile; fileRef = 7A358EC325A4A0FE004A40B8 /* Assets.xcassets */; };
		7A358F0825A4A15C004A40B8 /* AnnouncementRow.swift in Sources */ = {isa = PBXBuildFile; fileRef = 7A358F0725A4A15C004A40B8 /* AnnouncementRow.swift */; };
		7A358F0925A4A15C004A40B8 /* AnnouncementRow.swift in Sources */ = {isa = PBXBuildFile; fileRef = 7A358F0725A4A15C004A40B8 /* AnnouncementRow.swift */; };
		7A358F0F25A4A1A1004A40B8 /* AnnouncementList.swift in Sources */ = {isa = PBXBuildFile; fileRef = 7A358F0E25A4A1A1004A40B8 /* AnnouncementList.swift */; };
		7A358F1025A4A1A1004A40B8 /* AnnouncementList.swift in Sources */ = {isa = PBXBuildFile; fileRef = 7A358F0E25A4A1A1004A40B8 /* AnnouncementList.swift */; };
		7A8A9C9125AB09DA00F2BF6F /* NetworkHandler.swift in Sources */ = {isa = PBXBuildFile; fileRef = 7A8A9C9025AB09DA00F2BF6F /* NetworkHandler.swift */; };
		7A8A9C9225AB09DA00F2BF6F /* NetworkHandler.swift in Sources */ = {isa = PBXBuildFile; fileRef = 7A8A9C9025AB09DA00F2BF6F /* NetworkHandler.swift */; };
		7A94248E25A5BD9D00E434EA /* Announcement.swift in Sources */ = {isa = PBXBuildFile; fileRef = 7A94248D25A5BD9D00E434EA /* Announcement.swift */; };
/* End PBXBuildFile section */

/* Begin PBXContainerItemProxy section */
		7A358ED925A4A0FE004A40B8 /* PBXContainerItemProxy */ = {
			isa = PBXContainerItemProxy;
			containerPortal = 7A358EBC25A4A0FD004A40B8 /* Project object */;
			proxyType = 1;
			remoteGlobalIDString = 7A358EC725A4A0FE004A40B8;
			remoteInfo = "Belt (iOS)";
		};
		7A358EE425A4A0FE004A40B8 /* PBXContainerItemProxy */ = {
			isa = PBXContainerItemProxy;
			containerPortal = 7A358EBC25A4A0FD004A40B8 /* Project object */;
			proxyType = 1;
			remoteGlobalIDString = 7A358ECF25A4A0FE004A40B8;
			remoteInfo = "Belt (macOS)";
		};
/* End PBXContainerItemProxy section */

/* Begin PBXFileReference section */
		7A07E98125AC818000CE5D58 /* User.swift */ = {isa = PBXFileReference; lastKnownFileType = sourcecode.swift; path = User.swift; sourceTree = "<group>"; };
		7A07E98D25AC85C700CE5D58 /* TodoList.swift */ = {isa = PBXFileReference; lastKnownFileType = sourcecode.swift; path = TodoList.swift; sourceTree = "<group>"; };
		7A07E99B25AC887400CE5D58 /* Init.swift */ = {isa = PBXFileReference; lastKnownFileType = sourcecode.swift; path = Init.swift; sourceTree = "<group>"; };
		7A07E9A125AD4B8500CE5D58 /* Setting.swift */ = {isa = PBXFileReference; lastKnownFileType = sourcecode.swift; path = Setting.swift; sourceTree = "<group>"; };
		7A07E9A725B0223B00CE5D58 /* TodoRow.swift */ = {isa = PBXFileReference; lastKnownFileType = sourcecode.swift; path = TodoRow.swift; sourceTree = "<group>"; };
		7A07E9C125B3280F00CE5D58 /* SettingRow.swift */ = {isa = PBXFileReference; lastKnownFileType = sourcecode.swift; path = SettingRow.swift; sourceTree = "<group>"; };
		7A358EC125A4A0FD004A40B8 /* BeltApp.swift */ = {isa = PBXFileReference; lastKnownFileType = sourcecode.swift; path = BeltApp.swift; sourceTree = "<group>"; };
		7A358EC225A4A0FD004A40B8 /* ContentView.swift */ = {isa = PBXFileReference; lastKnownFileType = sourcecode.swift; path = ContentView.swift; sourceTree = "<group>"; };
		7A358EC325A4A0FE004A40B8 /* Assets.xcassets */ = {isa = PBXFileReference; lastKnownFileType = folder.assetcatalog; path = Assets.xcassets; sourceTree = "<group>"; };
		7A358EC825A4A0FE004A40B8 /* Belt.app */ = {isa = PBXFileReference; explicitFileType = wrapper.application; includeInIndex = 0; path = Belt.app; sourceTree = BUILT_PRODUCTS_DIR; };
		7A358ECB25A4A0FE004A40B8 /* Info.plist */ = {isa = PBXFileReference; lastKnownFileType = text.plist.xml; path = Info.plist; sourceTree = "<group>"; };
		7A358ED025A4A0FE004A40B8 /* Belt.app */ = {isa = PBXFileReference; explicitFileType = wrapper.application; includeInIndex = 0; path = Belt.app; sourceTree = BUILT_PRODUCTS_DIR; };
		7A358ED225A4A0FE004A40B8 /* Info.plist */ = {isa = PBXFileReference; lastKnownFileType = text.plist.xml; path = Info.plist; sourceTree = "<group>"; };
		7A358ED325A4A0FE004A40B8 /* macOS.entitlements */ = {isa = PBXFileReference; lastKnownFileType = text.plist.entitlements; path = macOS.entitlements; sourceTree = "<group>"; };
		7A358ED825A4A0FE004A40B8 /* Tests iOS.xctest */ = {isa = PBXFileReference; explicitFileType = wrapper.cfbundle; includeInIndex = 0; path = "Tests iOS.xctest"; sourceTree = BUILT_PRODUCTS_DIR; };
		7A358EDC25A4A0FE004A40B8 /* Tests_iOS.swift */ = {isa = PBXFileReference; lastKnownFileType = sourcecode.swift; path = Tests_iOS.swift; sourceTree = "<group>"; };
		7A358EDE25A4A0FE004A40B8 /* Info.plist */ = {isa = PBXFileReference; lastKnownFileType = text.plist.xml; path = Info.plist; sourceTree = "<group>"; };
		7A358EE325A4A0FE004A40B8 /* Tests macOS.xctest */ = {isa = PBXFileReference; explicitFileType = wrapper.cfbundle; includeInIndex = 0; path = "Tests macOS.xctest"; sourceTree = BUILT_PRODUCTS_DIR; };
		7A358EE725A4A0FE004A40B8 /* Tests_macOS.swift */ = {isa = PBXFileReference; lastKnownFileType = sourcecode.swift; path = Tests_macOS.swift; sourceTree = "<group>"; };
		7A358EE925A4A0FE004A40B8 /* Info.plist */ = {isa = PBXFileReference; lastKnownFileType = text.plist.xml; path = Info.plist; sourceTree = "<group>"; };
		7A358F0725A4A15C004A40B8 /* AnnouncementRow.swift */ = {isa = PBXFileReference; lastKnownFileType = sourcecode.swift; path = AnnouncementRow.swift; sourceTree = "<group>"; };
		7A358F0E25A4A1A1004A40B8 /* AnnouncementList.swift */ = {isa = PBXFileReference; lastKnownFileType = sourcecode.swift; path = AnnouncementList.swift; sourceTree = "<group>"; };
		7A8A9C9025AB09DA00F2BF6F /* NetworkHandler.swift */ = {isa = PBXFileReference; lastKnownFileType = sourcecode.swift; path = NetworkHandler.swift; sourceTree = "<group>"; };
		7A94248D25A5BD9D00E434EA /* Announcement.swift */ = {isa = PBXFileReference; lastKnownFileType = sourcecode.swift; path = Announcement.swift; sourceTree = "<group>"; };
/* End PBXFileReference section */

/* Begin PBXFrameworksBuildPhase section */
		7A358EC525A4A0FE004A40B8 /* Frameworks */ = {
			isa = PBXFrameworksBuildPhase;
			buildActionMask = 2147483647;
			files = (
			);
			runOnlyForDeploymentPostprocessing = 0;
		};
		7A358ECD25A4A0FE004A40B8 /* Frameworks */ = {
			isa = PBXFrameworksBuildPhase;
			buildActionMask = 2147483647;
			files = (
			);
			runOnlyForDeploymentPostprocessing = 0;
		};
		7A358ED525A4A0FE004A40B8 /* Frameworks */ = {
			isa = PBXFrameworksBuildPhase;
			buildActionMask = 2147483647;
			files = (
			);
			runOnlyForDeploymentPostprocessing = 0;
		};
		7A358EE025A4A0FE004A40B8 /* Frameworks */ = {
			isa = PBXFrameworksBuildPhase;
			buildActionMask = 2147483647;
			files = (
			);
			runOnlyForDeploymentPostprocessing = 0;
		};
/* End PBXFrameworksBuildPhase section */

/* Begin PBXGroup section */
		7A358EBB25A4A0FD004A40B8 = {
			isa = PBXGroup;
			children = (
				7A358EC025A4A0FD004A40B8 /* Shared */,
				7A358ECA25A4A0FE004A40B8 /* iOS */,
				7A358ED125A4A0FE004A40B8 /* macOS */,
				7A358EDB25A4A0FE004A40B8 /* Tests iOS */,
				7A358EE625A4A0FE004A40B8 /* Tests macOS */,
				7A358EC925A4A0FE004A40B8 /* Products */,
			);
			sourceTree = "<group>";
		};
		7A358EC025A4A0FD004A40B8 /* Shared */ = {
			isa = PBXGroup;
			children = (
				7A94248025A5BD7A00E434EA /* Models */,
				7A358F0225A4A107004A40B8 /* Views */,
				7A358EC125A4A0FD004A40B8 /* BeltApp.swift */,
				7A358EC325A4A0FE004A40B8 /* Assets.xcassets */,
				7A8A9C9025AB09DA00F2BF6F /* NetworkHandler.swift */,
			);
			path = Shared;
			sourceTree = "<group>";
		};
		7A358EC925A4A0FE004A40B8 /* Products */ = {
			isa = PBXGroup;
			children = (
				7A358EC825A4A0FE004A40B8 /* Belt.app */,
				7A358ED025A4A0FE004A40B8 /* Belt.app */,
				7A358ED825A4A0FE004A40B8 /* Tests iOS.xctest */,
				7A358EE325A4A0FE004A40B8 /* Tests macOS.xctest */,
			);
			name = Products;
			sourceTree = "<group>";
		};
		7A358ECA25A4A0FE004A40B8 /* iOS */ = {
			isa = PBXGroup;
			children = (
				7A358ECB25A4A0FE004A40B8 /* Info.plist */,
			);
			path = iOS;
			sourceTree = "<group>";
		};
		7A358ED125A4A0FE004A40B8 /* macOS */ = {
			isa = PBXGroup;
			children = (
				7A358ED225A4A0FE004A40B8 /* Info.plist */,
				7A358ED325A4A0FE004A40B8 /* macOS.entitlements */,
			);
			path = macOS;
			sourceTree = "<group>";
		};
		7A358EDB25A4A0FE004A40B8 /* Tests iOS */ = {
			isa = PBXGroup;
			children = (
				7A358EDC25A4A0FE004A40B8 /* Tests_iOS.swift */,
				7A358EDE25A4A0FE004A40B8 /* Info.plist */,
			);
			path = "Tests iOS";
			sourceTree = "<group>";
		};
		7A358EE625A4A0FE004A40B8 /* Tests macOS */ = {
			isa = PBXGroup;
			children = (
				7A358EE725A4A0FE004A40B8 /* Tests_macOS.swift */,
				7A358EE925A4A0FE004A40B8 /* Info.plist */,
			);
			path = "Tests macOS";
			sourceTree = "<group>";
		};
		7A358F0225A4A107004A40B8 /* Views */ = {
			isa = PBXGroup;
			children = (
				7A358F1525A4A1A4004A40B8 /* Announcement */,
				7A358EC225A4A0FD004A40B8 /* ContentView.swift */,
				7A07E99B25AC887400CE5D58 /* Init.swift */,
				7A07E9A125AD4B8500CE5D58 /* Setting.swift */,
				7A07E9C125B3280F00CE5D58 /* SettingRow.swift */,
				7A07E98D25AC85C700CE5D58 /* TodoList.swift */,
				7A07E9A725B0223B00CE5D58 /* TodoRow.swift */,
			);
			path = Views;
			sourceTree = "<group>";
		};
		7A358F1525A4A1A4004A40B8 /* Announcement */ = {
			isa = PBXGroup;
			children = (
				7A358F0725A4A15C004A40B8 /* AnnouncementRow.swift */,
				7A358F0E25A4A1A1004A40B8 /* AnnouncementList.swift */,
			);
			path = Announcement;
			sourceTree = "<group>";
		};
		7A94248025A5BD7A00E434EA /* Models */ = {
			isa = PBXGroup;
			children = (
				7A94248D25A5BD9D00E434EA /* Announcement.swift */,
				7A07E98125AC818000CE5D58 /* User.swift */,
			);
			path = Models;
			sourceTree = "<group>";
		};
/* End PBXGroup section */

/* Begin PBXNativeTarget section */
		7A358EC725A4A0FE004A40B8 /* Belt (iOS) */ = {
			isa = PBXNativeTarget;
			buildConfigurationList = 7A358EF225A4A0FE004A40B8 /* Build configuration list for PBXNativeTarget "Belt (iOS)" */;
			buildPhases = (
				7A358EC425A4A0FE004A40B8 /* Sources */,
				7A358EC525A4A0FE004A40B8 /* Frameworks */,
				7A358EC625A4A0FE004A40B8 /* Resources */,
			);
			buildRules = (
			);
			dependencies = (
			);
			name = "Belt (iOS)";
			productName = "Belt (iOS)";
			productReference = 7A358EC825A4A0FE004A40B8 /* Belt.app */;
			productType = "com.apple.product-type.application";
		};
		7A358ECF25A4A0FE004A40B8 /* Belt (macOS) */ = {
			isa = PBXNativeTarget;
			buildConfigurationList = 7A358EF525A4A0FE004A40B8 /* Build configuration list for PBXNativeTarget "Belt (macOS)" */;
			buildPhases = (
				7A358ECC25A4A0FE004A40B8 /* Sources */,
				7A358ECD25A4A0FE004A40B8 /* Frameworks */,
				7A358ECE25A4A0FE004A40B8 /* Resources */,
			);
			buildRules = (
			);
			dependencies = (
			);
			name = "Belt (macOS)";
			productName = "Belt (macOS)";
			productReference = 7A358ED025A4A0FE004A40B8 /* Belt.app */;
			productType = "com.apple.product-type.application";
		};
		7A358ED725A4A0FE004A40B8 /* Tests iOS */ = {
			isa = PBXNativeTarget;
			buildConfigurationList = 7A358EF825A4A0FE004A40B8 /* Build configuration list for PBXNativeTarget "Tests iOS" */;
			buildPhases = (
				7A358ED425A4A0FE004A40B8 /* Sources */,
				7A358ED525A4A0FE004A40B8 /* Frameworks */,
				7A358ED625A4A0FE004A40B8 /* Resources */,
			);
			buildRules = (
			);
			dependencies = (
				7A358EDA25A4A0FE004A40B8 /* PBXTargetDependency */,
			);
			name = "Tests iOS";
			productName = "Tests iOS";
			productReference = 7A358ED825A4A0FE004A40B8 /* Tests iOS.xctest */;
			productType = "com.apple.product-type.bundle.ui-testing";
		};
		7A358EE225A4A0FE004A40B8 /* Tests macOS */ = {
			isa = PBXNativeTarget;
			buildConfigurationList = 7A358EFB25A4A0FE004A40B8 /* Build configuration list for PBXNativeTarget "Tests macOS" */;
			buildPhases = (
				7A358EDF25A4A0FE004A40B8 /* Sources */,
				7A358EE025A4A0FE004A40B8 /* Frameworks */,
				7A358EE125A4A0FE004A40B8 /* Resources */,
			);
			buildRules = (
			);
			dependencies = (
				7A358EE525A4A0FE004A40B8 /* PBXTargetDependency */,
			);
			name = "Tests macOS";
			productName = "Tests macOS";
			productReference = 7A358EE325A4A0FE004A40B8 /* Tests macOS.xctest */;
			productType = "com.apple.product-type.bundle.ui-testing";
		};
/* End PBXNativeTarget section */

/* Begin PBXProject section */
		7A358EBC25A4A0FD004A40B8 /* Project object */ = {
			isa = PBXProject;
			attributes = {
				LastSwiftUpdateCheck = 1230;
				LastUpgradeCheck = 1230;
				TargetAttributes = {
					7A358EC725A4A0FE004A40B8 = {
						CreatedOnToolsVersion = 12.3;
					};
					7A358ECF25A4A0FE004A40B8 = {
						CreatedOnToolsVersion = 12.3;
					};
					7A358ED725A4A0FE004A40B8 = {
						CreatedOnToolsVersion = 12.3;
						TestTargetID = 7A358EC725A4A0FE004A40B8;
					};
					7A358EE225A4A0FE004A40B8 = {
						CreatedOnToolsVersion = 12.3;
						TestTargetID = 7A358ECF25A4A0FE004A40B8;
					};
				};
			};
			buildConfigurationList = 7A358EBF25A4A0FD004A40B8 /* Build configuration list for PBXProject "Belt" */;
			compatibilityVersion = "Xcode 9.3";
			developmentRegion = en;
			hasScannedForEncodings = 0;
			knownRegions = (
				en,
				Base,
			);
			mainGroup = 7A358EBB25A4A0FD004A40B8;
			productRefGroup = 7A358EC925A4A0FE004A40B8 /* Products */;
			projectDirPath = "";
			projectRoot = "";
			targets = (
				7A358EC725A4A0FE004A40B8 /* Belt (iOS) */,
				7A358ECF25A4A0FE004A40B8 /* Belt (macOS) */,
				7A358ED725A4A0FE004A40B8 /* Tests iOS */,
				7A358EE225A4A0FE004A40B8 /* Tests macOS */,
			);
		};
/* End PBXProject section */

/* Begin PBXResourcesBuildPhase section */
		7A358EC625A4A0FE004A40B8 /* Resources */ = {
			isa = PBXResourcesBuildPhase;
			buildActionMask = 2147483647;
			files = (
				7A358EEE25A4A0FE004A40B8 /* Assets.xcassets in Resources */,
			);
			runOnlyForDeploymentPostprocessing = 0;
		};
		7A358ECE25A4A0FE004A40B8 /* Resources */ = {
			isa = PBXResourcesBuildPhase;
			buildActionMask = 2147483647;
			files = (
				7A358EEF25A4A0FE004A40B8 /* Assets.xcassets in Resources */,
			);
			runOnlyForDeploymentPostprocessing = 0;
		};
		7A358ED625A4A0FE004A40B8 /* Resources */ = {
			isa = PBXResourcesBuildPhase;
			buildActionMask = 2147483647;
			files = (
			);
			runOnlyForDeploymentPostprocessing = 0;
		};
		7A358EE125A4A0FE004A40B8 /* Resources */ = {
			isa = PBXResourcesBuildPhase;
			buildActionMask = 2147483647;
			files = (
			);
			runOnlyForDeploymentPostprocessing = 0;
		};
/* End PBXResourcesBuildPhase section */

/* Begin PBXSourcesBuildPhase section */
		7A358EC425A4A0FE004A40B8 /* Sources */ = {
			isa = PBXSourcesBuildPhase;
			buildActionMask = 2147483647;
			files = (
				7A07E9A225AD4B8500CE5D58 /* Setting.swift in Sources */,
				7A358F0F25A4A1A1004A40B8 /* AnnouncementList.swift in Sources */,
				7A358EEC25A4A0FE004A40B8 /* ContentView.swift in Sources */,
				7A358EEA25A4A0FE004A40B8 /* BeltApp.swift in Sources */,
				7A07E99C25AC887400CE5D58 /* Init.swift in Sources */,
				7A07E9C225B3280F00CE5D58 /* SettingRow.swift in Sources */,
				7A94248E25A5BD9D00E434EA /* Announcement.swift in Sources */,
				7A358F0825A4A15C004A40B8 /* AnnouncementRow.swift in Sources */,
				7A8A9C9125AB09DA00F2BF6F /* NetworkHandler.swift in Sources */,
				7A07E98225AC818000CE5D58 /* User.swift in Sources */,
				7A07E9A825B0223C00CE5D58 /* TodoRow.swift in Sources */,
				7A07E98E25AC85C700CE5D58 /* TodoList.swift in Sources */,
			);
			runOnlyForDeploymentPostprocessing = 0;
		};
		7A358ECC25A4A0FE004A40B8 /* Sources */ = {
			isa = PBXSourcesBuildPhase;
			buildActionMask = 2147483647;
			files = (
				7A358F1025A4A1A1004A40B8 /* AnnouncementList.swift in Sources */,
				7A358EED25A4A0FE004A40B8 /* ContentView.swift in Sources */,
				7A358EEB25A4A0FE004A40B8 /* BeltApp.swift in Sources */,
				7A8A9C9225AB09DA00F2BF6F /* NetworkHandler.swift in Sources */,
				7A358F0925A4A15C004A40B8 /* AnnouncementRow.swift in Sources */,
			);
			runOnlyForDeploymentPostprocessing = 0;
		};
		7A358ED425A4A0FE004A40B8 /* Sources */ = {
			isa = PBXSourcesBuildPhase;
			buildActionMask = 2147483647;
			files = (
				7A358EDD25A4A0FE004A40B8 /* Tests_iOS.swift in Sources */,
			);
			runOnlyForDeploymentPostprocessing = 0;
		};
		7A358EDF25A4A0FE004A40B8 /* Sources */ = {
			isa = PBXSourcesBuildPhase;
			buildActionMask = 2147483647;
			files = (
				7A358EE825A4A0FE004A40B8 /* Tests_macOS.swift in Sources */,
			);
			runOnlyForDeploymentPostprocessing = 0;
		};
/* End PBXSourcesBuildPhase section */

/* Begin PBXTargetDependency section */
		7A358EDA25A4A0FE004A40B8 /* PBXTargetDependency */ = {
			isa = PBXTargetDependency;
			target = 7A358EC725A4A0FE004A40B8 /* Belt (iOS) */;
			targetProxy = 7A358ED925A4A0FE004A40B8 /* PBXContainerItemProxy */;
		};
		7A358EE525A4A0FE004A40B8 /* PBXTargetDependency */ = {
			isa = PBXTargetDependency;
			target = 7A358ECF25A4A0FE004A40B8 /* Belt (macOS) */;
			targetProxy = 7A358EE425A4A0FE004A40B8 /* PBXContainerItemProxy */;
		};
/* End PBXTargetDependency section */

/* Begin XCBuildConfiguration section */
		7A358EF025A4A0FE004A40B8 /* Debug */ = {
			isa = XCBuildConfiguration;
			buildSettings = {
				ALWAYS_SEARCH_USER_PATHS = NO;
				CLANG_ANALYZER_NONNULL = YES;
				CLANG_ANALYZER_NUMBER_OBJECT_CONVERSION = YES_AGGRESSIVE;
				CLANG_CXX_LANGUAGE_STANDARD = "gnu++14";
				CLANG_CXX_LIBRARY = "libc++";
				CLANG_ENABLE_MODULES = YES;
				CLANG_ENABLE_OBJC_ARC = YES;
				CLANG_ENABLE_OBJC_WEAK = YES;
				CLANG_WARN_BLOCK_CAPTURE_AUTORELEASING = YES;
				CLANG_WARN_BOOL_CONVERSION = YES;
				CLANG_WARN_COMMA = YES;
				CLANG_WARN_CONSTANT_CONVERSION = YES;
				CLANG_WARN_DEPRECATED_OBJC_IMPLEMENTATIONS = YES;
				CLANG_WARN_DIRECT_OBJC_ISA_USAGE = YES_ERROR;
				CLANG_WARN_DOCUMENTATION_COMMENTS = YES;
				CLANG_WARN_EMPTY_BODY = YES;
				CLANG_WARN_ENUM_CONVERSION = YES;
				CLANG_WARN_INFINITE_RECURSION = YES;
				CLANG_WARN_INT_CONVERSION = YES;
				CLANG_WARN_NON_LITERAL_NULL_CONVERSION = YES;
				CLANG_WARN_OBJC_IMPLICIT_RETAIN_SELF = YES;
				CLANG_WARN_OBJC_LITERAL_CONVERSION = YES;
				CLANG_WARN_OBJC_ROOT_CLASS = YES_ERROR;
				CLANG_WARN_QUOTED_INCLUDE_IN_FRAMEWORK_HEADER = YES;
				CLANG_WARN_RANGE_LOOP_ANALYSIS = YES;
				CLANG_WARN_STRICT_PROTOTYPES = YES;
				CLANG_WARN_SUSPICIOUS_MOVE = YES;
				CLANG_WARN_UNGUARDED_AVAILABILITY = YES_AGGRESSIVE;
				CLANG_WARN_UNREACHABLE_CODE = YES;
				CLANG_WARN__DUPLICATE_METHOD_MATCH = YES;
				COPY_PHASE_STRIP = NO;
				DEBUG_INFORMATION_FORMAT = dwarf;
				ENABLE_STRICT_OBJC_MSGSEND = YES;
				ENABLE_TESTABILITY = YES;
				GCC_C_LANGUAGE_STANDARD = gnu11;
				GCC_DYNAMIC_NO_PIC = NO;
				GCC_NO_COMMON_BLOCKS = YES;
				GCC_OPTIMIZATION_LEVEL = 0;
				GCC_PREPROCESSOR_DEFINITIONS = (
					"DEBUG=1",
					"$(inherited)",
				);
				GCC_WARN_64_TO_32_BIT_CONVERSION = YES;
				GCC_WARN_ABOUT_RETURN_TYPE = YES_ERROR;
				GCC_WARN_UNDECLARED_SELECTOR = YES;
				GCC_WARN_UNINITIALIZED_AUTOS = YES_AGGRESSIVE;
				GCC_WARN_UNUSED_FUNCTION = YES;
				GCC_WARN_UNUSED_VARIABLE = YES;
				MTL_ENABLE_DEBUG_INFO = INCLUDE_SOURCE;
				MTL_FAST_MATH = YES;
				ONLY_ACTIVE_ARCH = YES;
				SWIFT_ACTIVE_COMPILATION_CONDITIONS = DEBUG;
				SWIFT_OPTIMIZATION_LEVEL = "-Onone";
			};
			name = Debug;
		};
		7A358EF125A4A0FE004A40B8 /* Release */ = {
			isa = XCBuildConfiguration;
			buildSettings = {
				ALWAYS_SEARCH_USER_PATHS = NO;
				CLANG_ANALYZER_NONNULL = YES;
				CLANG_ANALYZER_NUMBER_OBJECT_CONVERSION = YES_AGGRESSIVE;
				CLANG_CXX_LANGUAGE_STANDARD = "gnu++14";
				CLANG_CXX_LIBRARY = "libc++";
				CLANG_ENABLE_MODULES = YES;
				CLANG_ENABLE_OBJC_ARC = YES;
				CLANG_ENABLE_OBJC_WEAK = YES;
				CLANG_WARN_BLOCK_CAPTURE_AUTORELEASING = YES;
				CLANG_WARN_BOOL_CONVERSION = YES;
				CLANG_WARN_COMMA = YES;
				CLANG_WARN_CONSTANT_CONVERSION = YES;
				CLANG_WARN_DEPRECATED_OBJC_IMPLEMENTATIONS = YES;
				CLANG_WARN_DIRECT_OBJC_ISA_USAGE = YES_ERROR;
				CLANG_WARN_DOCUMENTATION_COMMENTS = YES;
				CLANG_WARN_EMPTY_BODY = YES;
				CLANG_WARN_ENUM_CONVERSION = YES;
				CLANG_WARN_INFINITE_RECURSION = YES;
				CLANG_WARN_INT_CONVERSION = YES;
				CLANG_WARN_NON_LITERAL_NULL_CONVERSION = YES;
				CLANG_WARN_OBJC_IMPLICIT_RETAIN_SELF = YES;
				CLANG_WARN_OBJC_LITERAL_CONVERSION = YES;
				CLANG_WARN_OBJC_ROOT_CLASS = YES_ERROR;
				CLANG_WARN_QUOTED_INCLUDE_IN_FRAMEWORK_HEADER = YES;
				CLANG_WARN_RANGE_LOOP_ANALYSIS = YES;
				CLANG_WARN_STRICT_PROTOTYPES = YES;
				CLANG_WARN_SUSPICIOUS_MOVE = YES;
				CLANG_WARN_UNGUARDED_AVAILABILITY = YES_AGGRESSIVE;
				CLANG_WARN_UNREACHABLE_CODE = YES;
				CLANG_WARN__DUPLICATE_METHOD_MATCH = YES;
				COPY_PHASE_STRIP = NO;
				DEBUG_INFORMATION_FORMAT = "dwarf-with-dsym";
				ENABLE_NS_ASSERTIONS = NO;
				ENABLE_STRICT_OBJC_MSGSEND = YES;
				GCC_C_LANGUAGE_STANDARD = gnu11;
				GCC_NO_COMMON_BLOCKS = YES;
				GCC_WARN_64_TO_32_BIT_CONVERSION = YES;
				GCC_WARN_ABOUT_RETURN_TYPE = YES_ERROR;
				GCC_WARN_UNDECLARED_SELECTOR = YES;
				GCC_WARN_UNINITIALIZED_AUTOS = YES_AGGRESSIVE;
				GCC_WARN_UNUSED_FUNCTION = YES;
				GCC_WARN_UNUSED_VARIABLE = YES;
				MTL_ENABLE_DEBUG_INFO = NO;
				MTL_FAST_MATH = YES;
				SWIFT_COMPILATION_MODE = wholemodule;
				SWIFT_OPTIMIZATION_LEVEL = "-O";
			};
			name = Release;
		};
		7A358EF325A4A0FE004A40B8 /* Debug */ = {
			isa = XCBuildConfiguration;
			buildSettings = {
				ASSETCATALOG_COMPILER_APPICON_NAME = AppIcon;
				ASSETCATALOG_COMPILER_GLOBAL_ACCENT_COLOR_NAME = AccentColor;
				CODE_SIGN_STYLE = Automatic;
				ENABLE_PREVIEWS = YES;
				INFOPLIST_FILE = iOS/Info.plist;
				IPHONEOS_DEPLOYMENT_TARGET = 14.0;
				LD_RUNPATH_SEARCH_PATHS = (
					"$(inherited)",
					"@executable_path/Frameworks",
				);
				PRODUCT_BUNDLE_IDENTIFIER = kr.ac.jbnu.Belt;
				PRODUCT_NAME = Belt;
				SDKROOT = iphoneos;
				SWIFT_VERSION = 5.0;
				TARGETED_DEVICE_FAMILY = "1,2";
			};
			name = Debug;
		};
		7A358EF425A4A0FE004A40B8 /* Release */ = {
			isa = XCBuildConfiguration;
			buildSettings = {
				ASSETCATALOG_COMPILER_APPICON_NAME = AppIcon;
				ASSETCATALOG_COMPILER_GLOBAL_ACCENT_COLOR_NAME = AccentColor;
				CODE_SIGN_STYLE = Automatic;
				ENABLE_PREVIEWS = YES;
				INFOPLIST_FILE = iOS/Info.plist;
				IPHONEOS_DEPLOYMENT_TARGET = 14.0;
				LD_RUNPATH_SEARCH_PATHS = (
					"$(inherited)",
					"@executable_path/Frameworks",
				);
				PRODUCT_BUNDLE_IDENTIFIER = kr.ac.jbnu.Belt;
				PRODUCT_NAME = Belt;
				SDKROOT = iphoneos;
				SWIFT_VERSION = 5.0;
				TARGETED_DEVICE_FAMILY = "1,2";
				VALIDATE_PRODUCT = YES;
			};
			name = Release;
		};
		7A358EF625A4A0FE004A40B8 /* Debug */ = {
			isa = XCBuildConfiguration;
			buildSettings = {
				ASSETCATALOG_COMPILER_APPICON_NAME = AppIcon;
				ASSETCATALOG_COMPILER_GLOBAL_ACCENT_COLOR_NAME = AccentColor;
				CODE_SIGN_ENTITLEMENTS = macOS/macOS.entitlements;
				CODE_SIGN_STYLE = Automatic;
				COMBINE_HIDPI_IMAGES = YES;
				ENABLE_PREVIEWS = YES;
				INFOPLIST_FILE = macOS/Info.plist;
				LD_RUNPATH_SEARCH_PATHS = (
					"$(inherited)",
					"@executable_path/../Frameworks",
				);
				MACOSX_DEPLOYMENT_TARGET = 11.0;
				PRODUCT_BUNDLE_IDENTIFIER = kr.ac.jbnu.Belt;
				PRODUCT_NAME = Belt;
				SDKROOT = macosx;
				SWIFT_VERSION = 5.0;
			};
			name = Debug;
		};
		7A358EF725A4A0FE004A40B8 /* Release */ = {
			isa = XCBuildConfiguration;
			buildSettings = {
				ASSETCATALOG_COMPILER_APPICON_NAME = AppIcon;
				ASSETCATALOG_COMPILER_GLOBAL_ACCENT_COLOR_NAME = AccentColor;
				CODE_SIGN_ENTITLEMENTS = macOS/macOS.entitlements;
				CODE_SIGN_STYLE = Automatic;
				COMBINE_HIDPI_IMAGES = YES;
				ENABLE_PREVIEWS = YES;
				INFOPLIST_FILE = macOS/Info.plist;
				LD_RUNPATH_SEARCH_PATHS = (
					"$(inherited)",
					"@executable_path/../Frameworks",
				);
				MACOSX_DEPLOYMENT_TARGET = 11.0;
				PRODUCT_BUNDLE_IDENTIFIER = kr.ac.jbnu.Belt;
				PRODUCT_NAME = Belt;
				SDKROOT = macosx;
				SWIFT_VERSION = 5.0;
			};
			name = Release;
		};
		7A358EF925A4A0FE004A40B8 /* Debug */ = {
			isa = XCBuildConfiguration;
			buildSettings = {
				ALWAYS_EMBED_SWIFT_STANDARD_LIBRARIES = YES;
				CODE_SIGN_STYLE = Automatic;
				INFOPLIST_FILE = "Tests iOS/Info.plist";
				IPHONEOS_DEPLOYMENT_TARGET = 14.3;
				LD_RUNPATH_SEARCH_PATHS = (
					"$(inherited)",
					"@executable_path/Frameworks",
					"@loader_path/Frameworks",
				);
				PRODUCT_BUNDLE_IDENTIFIER = "kr.ac.jbnu.Tests-iOS";
				PRODUCT_NAME = "$(TARGET_NAME)";
				SDKROOT = iphoneos;
				SWIFT_VERSION = 5.0;
				TARGETED_DEVICE_FAMILY = "1,2";
				TEST_TARGET_NAME = "Belt (iOS)";
			};
			name = Debug;
		};
		7A358EFA25A4A0FE004A40B8 /* Release */ = {
			isa = XCBuildConfiguration;
			buildSettings = {
				ALWAYS_EMBED_SWIFT_STANDARD_LIBRARIES = YES;
				CODE_SIGN_STYLE = Automatic;
				INFOPLIST_FILE = "Tests iOS/Info.plist";
				IPHONEOS_DEPLOYMENT_TARGET = 14.3;
				LD_RUNPATH_SEARCH_PATHS = (
					"$(inherited)",
					"@executable_path/Frameworks",
					"@loader_path/Frameworks",
				);
				PRODUCT_BUNDLE_IDENTIFIER = "kr.ac.jbnu.Tests-iOS";
				PRODUCT_NAME = "$(TARGET_NAME)";
				SDKROOT = iphoneos;
				SWIFT_VERSION = 5.0;
				TARGETED_DEVICE_FAMILY = "1,2";
				TEST_TARGET_NAME = "Belt (iOS)";
				VALIDATE_PRODUCT = YES;
			};
			name = Release;
		};
		7A358EFC25A4A0FE004A40B8 /* Debug */ = {
			isa = XCBuildConfiguration;
			buildSettings = {
				ALWAYS_EMBED_SWIFT_STANDARD_LIBRARIES = YES;
				CODE_SIGN_STYLE = Automatic;
				COMBINE_HIDPI_IMAGES = YES;
				INFOPLIST_FILE = "Tests macOS/Info.plist";
				LD_RUNPATH_SEARCH_PATHS = (
					"$(inherited)",
					"@executable_path/../Frameworks",
					"@loader_path/../Frameworks",
				);
				MACOSX_DEPLOYMENT_TARGET = 11.1;
				PRODUCT_BUNDLE_IDENTIFIER = "kr.ac.jbnu.Tests-macOS";
				PRODUCT_NAME = "$(TARGET_NAME)";
				SDKROOT = macosx;
				SWIFT_VERSION = 5.0;
				TEST_TARGET_NAME = "Belt (macOS)";
			};
			name = Debug;
		};
		7A358EFD25A4A0FE004A40B8 /* Release */ = {
			isa = XCBuildConfiguration;
			buildSettings = {
				ALWAYS_EMBED_SWIFT_STANDARD_LIBRARIES = YES;
				CODE_SIGN_STYLE = Automatic;
				COMBINE_HIDPI_IMAGES = YES;
				INFOPLIST_FILE = "Tests macOS/Info.plist";
				LD_RUNPATH_SEARCH_PATHS = (
					"$(inherited)",
					"@executable_path/../Frameworks",
					"@loader_path/../Frameworks",
				);
				MACOSX_DEPLOYMENT_TARGET = 11.1;
				PRODUCT_BUNDLE_IDENTIFIER = "kr.ac.jbnu.Tests-macOS";
				PRODUCT_NAME = "$(TARGET_NAME)";
				SDKROOT = macosx;
				SWIFT_VERSION = 5.0;
				TEST_TARGET_NAME = "Belt (macOS)";
			};
			name = Release;
		};
/* End XCBuildConfiguration section */

/* Begin XCConfigurationList section */
		7A358EBF25A4A0FD004A40B8 /* Build configuration list for PBXProject "Belt" */ = {
			isa = XCConfigurationList;
			buildConfigurations = (
				7A358EF025A4A0FE004A40B8 /* Debug */,
				7A358EF125A4A0FE004A40B8 /* Release */,
			);
			defaultConfigurationIsVisible = 0;
			defaultConfigurationName = Release;
		};
		7A358EF225A4A0FE004A40B8 /* Build configuration list for PBXNativeTarget "Belt (iOS)" */ = {
			isa = XCConfigurationList;
			buildConfigurations = (
				7A358EF325A4A0FE004A40B8 /* Debug */,
				7A358EF425A4A0FE004A40B8 /* Release */,
			);
			defaultConfigurationIsVisible = 0;
			defaultConfigurationName = Release;
		};
		7A358EF525A4A0FE004A40B8 /* Build configuration list for PBXNativeTarget "Belt (macOS)" */ = {
			isa = XCConfigurationList;
			buildConfigurations = (
				7A358EF625A4A0FE004A40B8 /* Debug */,
				7A358EF725A4A0FE004A40B8 /* Release */,
			);
			defaultConfigurationIsVisible = 0;
			defaultConfigurationName = Release;
		};
		7A358EF825A4A0FE004A40B8 /* Build configuration list for PBXNativeTarget "Tests iOS" */ = {
			isa = XCConfigurationList;
			buildConfigurations = (
				7A358EF925A4A0FE004A40B8 /* Debug */,
				7A358EFA25A4A0FE004A40B8 /* Release */,
			);
			defaultConfigurationIsVisible = 0;
			defaultConfigurationName = Release;
		};
		7A358EFB25A4A0FE004A40B8 /* Build configuration list for PBXNativeTarget "Tests macOS" */ = {
			isa = XCConfigurationList;
			buildConfigurations = (
				7A358EFC25A4A0FE004A40B8 /* Debug */,
				7A358EFD25A4A0FE004A40B8 /* Release */,
			);
			defaultConfigurationIsVisible = 0;
			defaultConfigurationName = Release;
		};
/* End XCConfigurationList section */
	};
	rootObject = 7A358EBC25A4A0FD004A40B8 /* Project object */;
}
